
Microsoft Visual Studio Solution File, Format Version 12.00
# Visual Studio Version 17
VisualStudioVersion = 17.11.35327.3
MinimumVisualStudioVersion = 10.0.40219.1
Project("{FAE04EC0-301F-11D3-BF4B-00C04F79EFBC}") = "GestionEmpleados", "GestionEmpleados\GestionEmpleados.csproj", "{60A96A7A-0A06-4AE9-8774-DAA72C0A3A41}"
EndProject
Global
	GlobalSection(SolutionConfigurationPlatforms) = preSolution
		Debug|Any CPU = Debug|Any CPU
		Release|Any CPU = Release|Any CPU
	EndGlobalSection
	GlobalSection(ProjectConfigurationPlatforms) = postSolution
		{60A96A7A-0A06-4AE9-8774-DAA72C0A3A41}.Debug|Any CPU.ActiveCfg = Debug|Any CPU
		{60A96A7A-0A06-4AE9-8774-DAA72C0A3A41}.Debug|Any CPU.Build.0 = Debug|Any CPU
		{60A96A7A-0A06-4AE9-8774-DAA72C0A3A41}.Release|Any CPU.ActiveCfg = Release|Any CPU
		{60A96A7A-0A06-4AE9-8774-DAA72C0A3A41}.Release|Any CPU.Build.0 = Release|Any CPU
	EndGlobalSection
	GlobalSection(SolutionProperties) = preSolution
		HideSolutionNode = FALSE
	EndGlobalSection
	GlobalSection(ExtensibilityGlobals) = postSolution
		SolutionGuid = {772B9CE8-B917-4442-A54D-822B3885B813}
	EndGlobalSection
EndGlobal
