
Microsoft Visual Studio Solution File, Format Version 12.00
# Visual Studio Version 17
VisualStudioVersion = 17.11.35327.3
MinimumVisualStudioVersion = 10.0.40219.1
Project("{FAE04EC0-301F-11D3-BF4B-00C04F79EFBC}") = "TareasPendientes", "TareasPendientes\TareasPendientes.csproj", "{651FA9D5-876A-4060-877B-66075345AF5D}"
EndProject
Global
	GlobalSection(SolutionConfigurationPlatforms) = preSolution
		Debug|Any CPU = Debug|Any CPU
		Release|Any CPU = Release|Any CPU
	EndGlobalSection
	GlobalSection(ProjectConfigurationPlatforms) = postSolution
		{651FA9D5-876A-4060-877B-66075345AF5D}.Debug|Any CPU.ActiveCfg = Debug|Any CPU
		{651FA9D5-876A-4060-877B-66075345AF5D}.Debug|Any CPU.Build.0 = Debug|Any CPU
		{651FA9D5-876A-4060-877B-66075345AF5D}.Release|Any CPU.ActiveCfg = Release|Any CPU
		{651FA9D5-876A-4060-877B-66075345AF5D}.Release|Any CPU.Build.0 = Release|Any CPU
	EndGlobalSection
	GlobalSection(SolutionProperties) = preSolution
		HideSolutionNode = FALSE
	EndGlobalSection
	GlobalSection(ExtensibilityGlobals) = postSolution
		SolutionGuid = {623655E9-0776-4E20-870D-E5EB347E3FB7}
	EndGlobalSection
EndGlobal
